// !$*UTF8*$!
{
	archiveVersion = 1;
	classes = {
	};
	objectVersion = 46;
	objects = {

/* Begin PBXBuildFile section */
		CC13CD0E1EA61EB500350F67 /* AppDelegate.swift in Sources */ = {isa = PBXBuildFile; fileRef = CC13CD0D1EA61EB500350F67 /* AppDelegate.swift */; };
		CC13CD101EA61EB500350F67 /* ViewController.swift in Sources */ = {isa = PBXBuildFile; fileRef = CC13CD0F1EA61EB500350F67 /* ViewController.swift */; };
		CC13CD131EA61EB500350F67 /* Main.storyboard in Resources */ = {isa = PBXBuildFile; fileRef = CC13CD111EA61EB500350F67 /* Main.storyboard */; };
		CC13CD151EA61EB500350F67 /* Assets.xcassets in Resources */ = {isa = PBXBuildFile; fileRef = CC13CD141EA61EB500350F67 /* Assets.xcassets */; };
		CC13CD181EA61EB500350F67 /* LaunchScreen.storyboard in Resources */ = {isa = PBXBuildFile; fileRef = CC13CD161EA61EB500350F67 /* LaunchScreen.storyboard */; };
		CC13CD201EA761A100350F67 /* RatingControl.swift in Sources */ = {isa = PBXBuildFile; fileRef = CC13CD1F1EA761A100350F67 /* RatingControl.swift */; };
		CC8A3A981EAA110800B655A5 /* Meal.swift in Sources */ = {isa = PBXBuildFile; fileRef = CC8A3A971EAA110800B655A5 /* Meal.swift */; };
		CCC77B101EAA174400AC7FFE /* MealTableViewCell.swift in Sources */ = {isa = PBXBuildFile; fileRef = CCC77B0F1EAA174400AC7FFE /* MealTableViewCell.swift */; };
/* End PBXBuildFile section */

/* Begin PBXFileReference section */
		CC13CD0A1EA61EB500350F67 /* FoodTracker.app */ = {isa = PBXFileReference; explicitFileType = wrapper.application; includeInIndex = 0; path = FoodTracker.app; sourceTree = BUILT_PRODUCTS_DIR; };
		CC13CD0D1EA61EB500350F67 /* AppDelegate.swift */ = {isa = PBXFileReference; lastKnownFileType = sourcecode.swift; path = AppDelegate.swift; sourceTree = "<group>"; };
		CC13CD0F1EA61EB500350F67 /* ViewController.swift */ = {isa = PBXFileReference; lastKnownFileType = sourcecode.swift; path = ViewController.swift; sourceTree = "<group>"; };
		CC13CD121EA61EB500350F67 /* Base */ = {isa = PBXFileReference; lastKnownFileType = file.storyboard; name = Base; path = Base.lproj/Main.storyboard; sourceTree = "<group>"; };
		CC13CD141EA61EB500350F67 /* Assets.xcassets */ = {isa = PBXFileReference; lastKnownFileType = folder.assetcatalog; path = Assets.xcassets; sourceTree = "<group>"; };
		CC13CD171EA61EB500350F67 /* Base */ = {isa = PBXFileReference; lastKnownFileType = file.storyboard; name = Base; path = Base.lproj/LaunchScreen.storyboard; sourceTree = "<group>"; };
		CC13CD191EA61EB500350F67 /* Info.plist */ = {isa = PBXFileReference; lastKnownFileType = text.plist.xml; path = Info.plist; sourceTree = "<group>"; };
		CC13CD1F1EA761A100350F67 /* RatingControl.swift */ = {isa = PBXFileReference; fileEncoding = 4; lastKnownFileType = sourcecode.swift; path = RatingControl.swift; sourceTree = "<group>"; };
		CC8A3A971EAA110800B655A5 /* Meal.swift */ = {isa = PBXFileReference; fileEncoding = 4; lastKnownFileType = sourcecode.swift; path = Meal.swift; sourceTree = "<group>"; };
		CCC77B0F1EAA174400AC7FFE /* MealTableViewCell.swift */ = {isa = PBXFileReference; fileEncoding = 4; lastKnownFileType = sourcecode.swift; path = MealTableViewCell.swift; sourceTree = "<group>"; };
/* End PBXFileReference section */

/* Begin PBXFrameworksBuildPhase section */
		CC13CD071EA61EB500350F67 /* Frameworks */ = {
			isa = PBXFrameworksBuildPhase;
			buildActionMask = 2147483647;
			files = (
			);
			runOnlyForDeploymentPostprocessing = 0;
		};
/* End PBXFrameworksBuildPhase section */

/* Begin PBXGroup section */
		CC13CD011EA61EB500350F67 = {
			isa = PBXGroup;
			children = (
				CC13CD0C1EA61EB500350F67 /* FoodTracker */,
				CC13CD0B1EA61EB500350F67 /* Products */,
			);
			sourceTree = "<group>";
		};
		CC13CD0B1EA61EB500350F67 /* Products */ = {
			isa = PBXGroup;
			children = (
				CC13CD0A1EA61EB500350F67 /* FoodTracker.app */,
			);
			name = Products;
			sourceTree = "<group>";
		};
		CC13CD0C1EA61EB500350F67 /* FoodTracker */ = {
			isa = PBXGroup;
			children = (
				CC13CD0D1EA61EB500350F67 /* AppDelegate.swift */,
				CC13CD0F1EA61EB500350F67 /* ViewController.swift */,
				CC8A3A971EAA110800B655A5 /* Meal.swift */,
				CCC77B0F1EAA174400AC7FFE /* MealTableViewCell.swift */,
				CC13CD111EA61EB500350F67 /* Main.storyboard */,
				CC13CD1F1EA761A100350F67 /* RatingControl.swift */,
				CC13CD141EA61EB500350F67 /* Assets.xcassets */,
				CC13CD161EA61EB500350F67 /* LaunchScreen.storyboard */,
				CC13CD191EA61EB500350F67 /* Info.plist */,
			);
			path = FoodTracker;
			sourceTree = "<group>";
		};
/* End PBXGroup section */

/* Begin PBXNativeTarget section */
		CC13CD091EA61EB500350F67 /* FoodTracker */ = {
			isa = PBXNativeTarget;
			buildConfigurationList = CC13CD1C1EA61EB500350F67 /* Build configuration list for PBXNativeTarget "FoodTracker" */;
			buildPhases = (
				CC13CD061EA61EB500350F67 /* Sources */,
				CC13CD071EA61EB500350F67 /* Frameworks */,
				CC13CD081EA61EB500350F67 /* Resources */,
			);
			buildRules = (
			);
			dependencies = (
			);
			name = FoodTracker;
			productName = FoodTracker;
			productReference = CC13CD0A1EA61EB500350F67 /* FoodTracker.app */;
			productType = "com.apple.product-type.application";
		};
/* End PBXNativeTarget section */

/* Begin PBXProject section */
		CC13CD021EA61EB500350F67 /* Project object */ = {
			isa = PBXProject;
			attributes = {
				LastSwiftUpdateCheck = 0830;
				LastUpgradeCheck = 0830;
				ORGANIZATIONNAME = "web-wizards";
				TargetAttributes = {
					CC13CD091EA61EB500350F67 = {
						CreatedOnToolsVersion = 8.3.1;
						DevelopmentTeam = JP6K8CGNVQ;
						ProvisioningStyle = Automatic;
					};
				};
			};
			buildConfigurationList = CC13CD051EA61EB500350F67 /* Build configuration list for PBXProject "FoodTracker" */;
			compatibilityVersion = "Xcode 3.2";
			developmentRegion = English;
			hasScannedForEncodings = 0;
			knownRegions = (
				en,
				Base,
			);
			mainGroup = CC13CD011EA61EB500350F67;
			productRefGroup = CC13CD0B1EA61EB500350F67 /* Products */;
			projectDirPath = "";
			projectRoot = "";
			targets = (
				CC13CD091EA61EB500350F67 /* FoodTracker */,
			);
		};
/* End PBXProject section */

/* Begin PBXResourcesBuildPhase section */
		CC13CD081EA61EB500350F67 /* Resources */ = {
			isa = PBXResourcesBuildPhase;
			buildActionMask = 2147483647;
			files = (
				CC13CD181EA61EB500350F67 /* LaunchScreen.storyboard in Resources */,
				CC13CD151EA61EB500350F67 /* Assets.xcassets in Resources */,
				CC13CD131EA61EB500350F67 /* Main.storyboard in Resources */,
			);
			runOnlyForDeploymentPostprocessing = 0;
		};
/* End PBXResourcesBuildPhase section */

/* Begin PBXSourcesBuildPhase section */
		CC13CD061EA61EB500350F67 /* Sources */ = {
			isa = PBXSourcesBuildPhase;
			buildActionMask = 2147483647;
			files = (
				CC8A3A981EAA110800B655A5 /* Meal.swift in Sources */,
				CC13CD101EA61EB500350F67 /* ViewController.swift in Sources */,
				CC13CD201EA761A100350F67 /* RatingControl.swift in Sources */,
				CC13CD0E1EA61EB500350F67 /* AppDelegate.swift in Sources */,
				CCC77B101EAA174400AC7FFE /* MealTableViewCell.swift in Sources */,
			);
			runOnlyForDeploymentPostprocessing = 0;
		};
/* End PBXSourcesBuildPhase section */

/* Begin PBXVariantGroup section */
		CC13CD111EA61EB500350F67 /* Main.storyboard */ = {
			isa = PBXVariantGroup;
			children = (
				CC13CD121EA61EB500350F67 /* Base */,
			);
			name = Main.storyboard;
			sourceTree = "<group>";
		};
		CC13CD161EA61EB500350F67 /* LaunchScreen.storyboard */ = {
			isa = PBXVariantGroup;
			children = (
				CC13CD171EA61EB500350F67 /* Base */,
			);
			name = LaunchScreen.storyboard;
			sourceTree = "<group>";
		};
/* End PBXVariantGroup section */

/* Begin XCBuildConfiguration section */
		CC13CD1A1EA61EB500350F67 /* Debug */ = {
			isa = XCBuildConfiguration;
			buildSettings = {
				ALWAYS_SEARCH_USER_PATHS = NO;
				CLANG_ANALYZER_NONNULL = YES;
				CLANG_ANALYZER_NUMBER_OBJECT_CONVERSION = YES_AGGRESSIVE;
				CLANG_CXX_LANGUAGE_STANDARD = "gnu++0x";
				CLANG_CXX_LIBRARY = "libc++";
				CLANG_ENABLE_MODULES = YES;
				CLANG_ENABLE_OBJC_ARC = YES;
				CLANG_WARN_BOOL_CONVERSION = YES;
				CLANG_WARN_CONSTANT_CONVERSION = YES;
				CLANG_WARN_DIRECT_OBJC_ISA_USAGE = YES_ERROR;
				CLANG_WARN_DOCUMENTATION_COMMENTS = YES;
				CLANG_WARN_EMPTY_BODY = YES;
				CLANG_WARN_ENUM_CONVERSION = YES;
				CLANG_WARN_INFINITE_RECURSION = YES;
				CLANG_WARN_INT_CONVERSION = YES;
				CLANG_WARN_OBJC_ROOT_CLASS = YES_ERROR;
				CLANG_WARN_SUSPICIOUS_MOVE = YES;
				CLANG_WARN_UNREACHABLE_CODE = YES;
				CLANG_WARN__DUPLICATE_METHOD_MATCH = YES;
				"CODE_SIGN_IDENTITY[sdk=iphoneos*]" = "iPhone Developer";
				COPY_PHASE_STRIP = NO;
				DEBUG_INFORMATION_FORMAT = dwarf;
				ENABLE_STRICT_OBJC_MSGSEND = YES;
				ENABLE_TESTABILITY = YES;
				GCC_C_LANGUAGE_STANDARD = gnu99;
				GCC_DYNAMIC_NO_PIC = NO;
				GCC_NO_COMMON_BLOCKS = YES;
				GCC_OPTIMIZATION_LEVEL = 0;
				GCC_PREPROCESSOR_DEFINITIONS = (
					"DEBUG=1",
					"$(inherited)",
				);
				GCC_WARN_64_TO_32_BIT_CONVERSION = YES;
				GCC_WARN_ABOUT_RETURN_TYPE = YES_ERROR;
				GCC_WARN_UNDECLARED_SELECTOR = YES;
				GCC_WARN_UNINITIALIZED_AUTOS = YES_AGGRESSIVE;
				GCC_WARN_UNUSED_FUNCTION = YES;
				GCC_WARN_UNUSED_VARIABLE = YES;
				IPHONEOS_DEPLOYMENT_TARGET = 10.3;
				MTL_ENABLE_DEBUG_INFO = YES;
				ONLY_ACTIVE_ARCH = YES;
				SDKROOT = iphoneos;
				SWIFT_ACTIVE_COMPILATION_CONDITIONS = DEBUG;
				SWIFT_OPTIMIZATION_LEVEL = "-Onone";
				TARGETED_DEVICE_FAMILY = "1,2";
			};
			name = Debug;
		};
		CC13CD1B1EA61EB500350F67 /* Release */ = {
			isa = XCBuildConfiguration;
			buildSettings = {
				ALWAYS_SEARCH_USER_PATHS = NO;
				CLANG_ANALYZER_NONNULL = YES;
				CLANG_ANALYZER_NUMBER_OBJECT_CONVERSION = YES_AGGRESSIVE;
				CLANG_CXX_LANGUAGE_STANDARD = "gnu++0x";
				CLANG_CXX_LIBRARY = "libc++";
				CLANG_ENABLE_MODULES = YES;
				CLANG_ENABLE_OBJC_ARC = YES;
				CLANG_WARN_BOOL_CONVERSION = YES;
				CLANG_WARN_CONSTANT_CONVERSION = YES;
				CLANG_WARN_DIRECT_OBJC_ISA_USAGE = YES_ERROR;
				CLANG_WARN_DOCUMENTATION_COMMENTS = YES;
				CLANG_WARN_EMPTY_BODY = YES;
				CLANG_WARN_ENUM_CONVERSION = YES;
				CLANG_WARN_INFINITE_RECURSION = YES;
				CLANG_WARN_INT_CONVERSION = YES;
				CLANG_WARN_OBJC_ROOT_CLASS = YES_ERROR;
				CLANG_WARN_SUSPICIOUS_MOVE = YES;
				CLANG_WARN_UNREACHABLE_CODE = YES;
				CLANG_WARN__DUPLICATE_METHOD_MATCH = YES;
				"CODE_SIGN_IDENTITY[sdk=iphoneos*]" = "iPhone Developer";
				COPY_PHASE_STRIP = NO;
				DEBUG_INFORMATION_FORMAT = "dwarf-with-dsym";
				ENABLE_NS_ASSERTIONS = NO;
				ENABLE_STRICT_OBJC_MSGSEND = YES;
				GCC_C_LANGUAGE_STANDARD = gnu99;
				GCC_NO_COMMON_BLOCKS = YES;
				GCC_WARN_64_TO_32_BIT_CONVERSION = YES;
				GCC_WARN_ABOUT_RETURN_TYPE = YES_ERROR;
				GCC_WARN_UNDECLARED_SELECTOR = YES;
				GCC_WARN_UNINITIALIZED_AUTOS = YES_AGGRESSIVE;
				GCC_WARN_UNUSED_FUNCTION = YES;
				GCC_WARN_UNUSED_VARIABLE = YES;
				IPHONEOS_DEPLOYMENT_TARGET = 10.3;
				MTL_ENABLE_DEBUG_INFO = NO;
				SDKROOT = iphoneos;
				SWIFT_OPTIMIZATION_LEVEL = "-Owholemodule";
				TARGETED_DEVICE_FAMILY = "1,2";
				VALIDATE_PRODUCT = YES;
			};
			name = Release;
		};
		CC13CD1D1EA61EB500350F67 /* Debug */ = {
			isa = XCBuildConfiguration;
			buildSettings = {
				ASSETCATALOG_COMPILER_APPICON_NAME = AppIcon;
				DEVELOPMENT_TEAM = JP6K8CGNVQ;
				INFOPLIST_FILE = FoodTracker/Info.plist;
				LD_RUNPATH_SEARCH_PATHS = "$(inherited) @executable_path/Frameworks";
				PRODUCT_BUNDLE_IDENTIFIER = "web-wizards.ru.FoodTracker";
				PRODUCT_NAME = "$(TARGET_NAME)";
				SWIFT_VERSION = 3.0;
			};
			name = Debug;
		};
		CC13CD1E1EA61EB500350F67 /* Release */ = {
			isa = XCBuildConfiguration;
			buildSettings = {
				ASSETCATALOG_COMPILER_APPICON_NAME = AppIcon;
				DEVELOPMENT_TEAM = JP6K8CGNVQ;
				INFOPLIST_FILE = FoodTracker/Info.plist;
				LD_RUNPATH_SEARCH_PATHS = "$(inherited) @executable_path/Frameworks";
				PRODUCT_BUNDLE_IDENTIFIER = "web-wizards.ru.FoodTracker";
				PRODUCT_NAME = "$(TARGET_NAME)";
				SWIFT_VERSION = 3.0;
			};
			name = Release;
		};
/* End XCBuildConfiguration section */

/* Begin XCConfigurationList section */
		CC13CD051EA61EB500350F67 /* Build configuration list for PBXProject "FoodTracker" */ = {
			isa = XCConfigurationList;
			buildConfigurations = (
				CC13CD1A1EA61EB500350F67 /* Debug */,
				CC13CD1B1EA61EB500350F67 /* Release */,
			);
			defaultConfigurationIsVisible = 0;
			defaultConfigurationName = Release;
		};
		CC13CD1C1EA61EB500350F67 /* Build configuration list for PBXNativeTarget "FoodTracker" */ = {
			isa = XCConfigurationList;
			buildConfigurations = (
				CC13CD1D1EA61EB500350F67 /* Debug */,
				CC13CD1E1EA61EB500350F67 /* Release */,
			);
			defaultConfigurationIsVisible = 0;
			defaultConfigurationName = Release;
		};
/* End XCConfigurationList section */
	};
	rootObject = CC13CD021EA61EB500350F67 /* Project object */;
}
